// !$*UTF8*$!
{
	archiveVersion = 1;
	classes = {
	};
	objectVersion = 77;
	objects = {

/* Begin PBXContainerItemProxy section */
		274041A82DB6A85B005B95A4 /* PBXContainerItemProxy */ = {
			isa = PBXContainerItemProxy;
			containerPortal = 2740418D2DB6A858005B95A4 /* Project object */;
			proxyType = 1;
			remoteGlobalIDString = 274041942DB6A858005B95A4;
			remoteInfo = MindCraft;
		};
		274041B22DB6A85B005B95A4 /* PBXContainerItemProxy */ = {
			isa = PBXContainerItemProxy;
			containerPortal = 2740418D2DB6A858005B95A4 /* Project object */;
			proxyType = 1;
			remoteGlobalIDString = 274041942DB6A858005B95A4;
			remoteInfo = MindCraft;
		};
/* End PBXContainerItemProxy section */

/* Begin PBXFileReference section */
		274041952DB6A858005B95A4 /* MindCraft.app */ = {isa = PBXFileReference; explicitFileType = wrapper.application; includeInIndex = 0; path = MindCraft.app; sourceTree = BUILT_PRODUCTS_DIR; };
		274041A72DB6A85B005B95A4 /* MindCraftTests.xctest */ = {isa = PBXFileReference; explicitFileType = wrapper.cfbundle; includeInIndex = 0; path = MindCraftTests.xctest; sourceTree = BUILT_PRODUCTS_DIR; };
		274041B12DB6A85B005B95A4 /* MindCraftUITests.xctest */ = {isa = PBXFileReference; explicitFileType = wrapper.cfbundle; includeInIndex = 0; path = MindCraftUITests.xctest; sourceTree = BUILT_PRODUCTS_DIR; };
		274041FD2DB6AD7A005B95A4 /* MindCraft.xcodeproj */ = {isa = PBXFileReference; lastKnownFileType = "wrapper.pb-project"; path = MindCraft.xcodeproj; sourceTree = SOURCE_ROOT; };
/* End PBXFileReference section */

/* Begin PBXFileSystemSynchronizedRootGroup section */
		274041972DB6A858005B95A4 /* MindCraft */ = {
			isa = PBXFileSystemSynchronizedRootGroup;
			path = MindCraft;
			sourceTree = "<group>";
		};
		274041AA2DB6A85B005B95A4 /* MindCraftTests */ = {
			isa = PBXFileSystemSynchronizedRootGroup;
			path = MindCraftTests;
			sourceTree = "<group>";
		};
		274041B42DB6A85B005B95A4 /* MindCraftUITests */ = {
			isa = PBXFileSystemSynchronizedRootGroup;
			path = MindCraftUITests;
			sourceTree = "<group>";
		};
		274041E42DB6A92E005B95A4 /* App */ = {
			isa = PBXFileSystemSynchronizedRootGroup;
			path = App;
			sourceTree = "<group>";
		};
		274041E52DB6A937005B95A4 /* Core */ = {
			isa = PBXFileSystemSynchronizedRootGroup;
			path = Core;
			sourceTree = "<group>";
		};
		274041E62DB6A93E005B95A4 /* Features */ = {
			isa = PBXFileSystemSynchronizedRootGroup;
			path = Features;
			sourceTree = "<group>";
		};
		274041E72DB6A947005B95A4 /* Models */ = {
			isa = PBXFileSystemSynchronizedRootGroup;
			path = Models;
			sourceTree = "<group>";
		};
		274041E82DB6A94E005B95A4 /* ViewModels */ = {
			isa = PBXFileSystemSynchronizedRootGroup;
			path = ViewModels;
			sourceTree = "<group>";
		};
		274041E92DB6A958005B95A4 /* Views */ = {
			isa = PBXFileSystemSynchronizedRootGroup;
			path = Views;
			sourceTree = "<group>";
		};
		274041EA2DB6A95F005B95A4 /* Coordinators */ = {
			isa = PBXFileSystemSynchronizedRootGroup;
			path = Coordinators;
			sourceTree = "<group>";
		};
		274041EB2DB6A968005B95A4 /* Services */ = {
			isa = PBXFileSystemSynchronizedRootGroup;
			path = Services;
			sourceTree = "<group>";
		};
		274041EC2DB6A970005B95A4 /* Resources */ = {
			isa = PBXFileSystemSynchronizedRootGroup;
			path = Resources;
			sourceTree = "<group>";
		};
		274041ED2DB6A97E005B95A4 /* Tests */ = {
			isa = PBXFileSystemSynchronizedRootGroup;
			path = Tests;
			sourceTree = "<group>";
		};
/* End PBXFileSystemSynchronizedRootGroup section */

/* Begin PBXFrameworksBuildPhase section */
		274041922DB6A858005B95A4 /* Frameworks */ = {
			isa = PBXFrameworksBuildPhase;
			buildActionMask = 2147483647;
			files = (
			);
			runOnlyForDeploymentPostprocessing = 0;
		};
		274041A42DB6A85B005B95A4 /* Frameworks */ = {
			isa = PBXFrameworksBuildPhase;
			buildActionMask = 2147483647;
			files = (
			);
			runOnlyForDeploymentPostprocessing = 0;
		};
		274041AE2DB6A85B005B95A4 /* Frameworks */ = {
			isa = PBXFrameworksBuildPhase;
			buildActionMask = 2147483647;
			files = (
			);
			runOnlyForDeploymentPostprocessing = 0;
		};
/* End PBXFrameworksBuildPhase section */

/* Begin PBXGroup section */
		2740418C2DB6A858005B95A4 = {
			isa = PBXGroup;
			children = (
				274041FD2DB6AD7A005B95A4 /* MindCraft.xcodeproj */,
				274041ED2DB6A97E005B95A4 /* Tests */,
				274041EC2DB6A970005B95A4 /* Resources */,
				274041EB2DB6A968005B95A4 /* Services */,
				274041EA2DB6A95F005B95A4 /* Coordinators */,
				274041E92DB6A958005B95A4 /* Views */,
				274041E82DB6A94E005B95A4 /* ViewModels */,
				274041E72DB6A947005B95A4 /* Models */,
				274041E62DB6A93E005B95A4 /* Features */,
				274041E52DB6A937005B95A4 /* Core */,
				274041E42DB6A92E005B95A4 /* App */,
				274041972DB6A858005B95A4 /* MindCraft */,
				274041AA2DB6A85B005B95A4 /* MindCraftTests */,
				274041B42DB6A85B005B95A4 /* MindCraftUITests */,
				274041962DB6A858005B95A4 /* Products */,
			);
			sourceTree = "<group>";
		};
		274041962DB6A858005B95A4 /* Products */ = {
			isa = PBXGroup;
			children = (
				274041952DB6A858005B95A4 /* MindCraft.app */,
				274041A72DB6A85B005B95A4 /* MindCraftTests.xctest */,
				274041B12DB6A85B005B95A4 /* MindCraftUITests.xctest */,
			);
			name = Products;
			sourceTree = "<group>";
		};
/* End PBXGroup section */

/* Begin PBXNativeTarget section */
		274041942DB6A858005B95A4 /* MindCraft */ = {
			isa = PBXNativeTarget;
			buildConfigurationList = 274041BB2DB6A85B005B95A4 /* Build configuration list for PBXNativeTarget "MindCraft" */;
			buildPhases = (
				274041912DB6A858005B95A4 /* Sources */,
				274041922DB6A858005B95A4 /* Frameworks */,
				274041932DB6A858005B95A4 /* Resources */,
			);
			buildRules = (
			);
			dependencies = (
			);
			fileSystemSynchronizedGroups = (
				274041972DB6A858005B95A4 /* MindCraft */,
				274041E42DB6A92E005B95A4 /* App */,
				274041E52DB6A937005B95A4 /* Core */,
				274041E62DB6A93E005B95A4 /* Features */,
				274041E72DB6A947005B95A4 /* Models */,
				274041E82DB6A94E005B95A4 /* ViewModels */,
				274041E92DB6A958005B95A4 /* Views */,
				274041EA2DB6A95F005B95A4 /* Coordinators */,
				274041EB2DB6A968005B95A4 /* Services */,
				274041EC2DB6A970005B95A4 /* Resources */,
				274041ED2DB6A97E005B95A4 /* Tests */,
			);
			name = MindCraft;
			packageProductDependencies = (
			);
			productName = MindCraft;
			productReference = 274041952DB6A858005B95A4 /* MindCraft.app */;
			productType = "com.apple.product-type.application";
		};
		274041A62DB6A85B005B95A4 /* MindCraftTests */ = {
			isa = PBXNativeTarget;
			buildConfigurationList = 274041BE2DB6A85B005B95A4 /* Build configuration list for PBXNativeTarget "MindCraftTests" */;
			buildPhases = (
				274041A32DB6A85B005B95A4 /* Sources */,
				274041A42DB6A85B005B95A4 /* Frameworks */,
				274041A52DB6A85B005B95A4 /* Resources */,
			);
			buildRules = (
			);
			dependencies = (
				274041A92DB6A85B005B95A4 /* PBXTargetDependency */,
			);
			fileSystemSynchronizedGroups = (
				274041AA2DB6A85B005B95A4 /* MindCraftTests */,
			);
			name = MindCraftTests;
			packageProductDependencies = (
			);
			productName = MindCraftTests;
			productReference = 274041A72DB6A85B005B95A4 /* MindCraftTests.xctest */;
			productType = "com.apple.product-type.bundle.unit-test";
		};
		274041B02DB6A85B005B95A4 /* MindCraftUITests */ = {
			isa = PBXNativeTarget;
			buildConfigurationList = 274041C12DB6A85B005B95A4 /* Build configuration list for PBXNativeTarget "MindCraftUITests" */;
			buildPhases = (
				274041AD2DB6A85B005B95A4 /* Sources */,
				274041AE2DB6A85B005B95A4 /* Frameworks */,
				274041AF2DB6A85B005B95A4 /* Resources */,
			);
			buildRules = (
			);
			dependencies = (
				274041B32DB6A85B005B95A4 /* PBXTargetDependency */,
			);
			fileSystemSynchronizedGroups = (
				274041B42DB6A85B005B95A4 /* MindCraftUITests */,
			);
			name = MindCraftUITests;
			packageProductDependencies = (
			);
			productName = MindCraftUITests;
			productReference = 274041B12DB6A85B005B95A4 /* MindCraftUITests.xctest */;
			productType = "com.apple.product-type.bundle.ui-testing";
		};
/* End PBXNativeTarget section */

/* Begin PBXProject section */
		2740418D2DB6A858005B95A4 /* Project object */ = {
			isa = PBXProject;
			attributes = {
				BuildIndependentTargetsInParallel = 1;
				LastSwiftUpdateCheck = 1630;
				LastUpgradeCheck = 1630;
				TargetAttributes = {
					274041942DB6A858005B95A4 = {
						CreatedOnToolsVersion = 16.3;
					};
					274041A62DB6A85B005B95A4 = {
						CreatedOnToolsVersion = 16.3;
						TestTargetID = 274041942DB6A858005B95A4;
					};
					274041B02DB6A85B005B95A4 = {
						CreatedOnToolsVersion = 16.3;
						TestTargetID = 274041942DB6A858005B95A4;
					};
				};
			};
			buildConfigurationList = 274041902DB6A858005B95A4 /* Build configuration list for PBXProject "MindCraft" */;
			developmentRegion = en;
			hasScannedForEncodings = 0;
			knownRegions = (
				en,
				Base,
			);
			mainGroup = 2740418C2DB6A858005B95A4;
			minimizedProjectReferenceProxies = 1;
			preferredProjectObjectVersion = 77;
			productRefGroup = 274041962DB6A858005B95A4 /* Products */;
			projectDirPath = "";
			projectRoot = "";
			targets = (
				274041942DB6A858005B95A4 /* MindCraft */,
				274041A62DB6A85B005B95A4 /* MindCraftTests */,
				274041B02DB6A85B005B95A4 /* MindCraftUITests */,
			);
		};
/* End PBXProject section */

/* Begin PBXResourcesBuildPhase section */
		274041932DB6A858005B95A4 /* Resources */ = {
			isa = PBXResourcesBuildPhase;
			buildActionMask = 2147483647;
			files = (
			);
			runOnlyForDeploymentPostprocessing = 0;
		};
		274041A52DB6A85B005B95A4 /* Resources */ = {
			isa = PBXResourcesBuildPhase;
			buildActionMask = 2147483647;
			files = (
			);
			runOnlyForDeploymentPostprocessing = 0;
		};
		274041AF2DB6A85B005B95A4 /* Resources */ = {
			isa = PBXResourcesBuildPhase;
			buildActionMask = 2147483647;
			files = (
			);
			runOnlyForDeploymentPostprocessing = 0;
		};
/* End PBXResourcesBuildPhase section */

/* Begin PBXSourcesBuildPhase section */
		274041912DB6A858005B95A4 /* Sources */ = {
			isa = PBXSourcesBuildPhase;
			buildActionMask = 2147483647;
			files = (
			);
			runOnlyForDeploymentPostprocessing = 0;
		};
		274041A32DB6A85B005B95A4 /* Sources */ = {
			isa = PBXSourcesBuildPhase;
			buildActionMask = 2147483647;
			files = (
			);
			runOnlyForDeploymentPostprocessing = 0;
		};
		274041AD2DB6A85B005B95A4 /* Sources */ = {
			isa = PBXSourcesBuildPhase;
			buildActionMask = 2147483647;
			files = (
			);
			runOnlyForDeploymentPostprocessing = 0;
		};
/* End PBXSourcesBuildPhase section */

/* Begin PBXTargetDependency section */
		274041A92DB6A85B005B95A4 /* PBXTargetDependency */ = {
			isa = PBXTargetDependency;
			target = 274041942DB6A858005B95A4 /* MindCraft */;
			targetProxy = 274041A82DB6A85B005B95A4 /* PBXContainerItemProxy */;
		};
		274041B32DB6A85B005B95A4 /* PBXTargetDependency */ = {
			isa = PBXTargetDependency;
			target = 274041942DB6A858005B95A4 /* MindCraft */;
			targetProxy = 274041B22DB6A85B005B95A4 /* PBXContainerItemProxy */;
		};
/* End PBXTargetDependency section */

/* Begin XCBuildConfiguration section */
		274041B92DB6A85B005B95A4 /* Debug */ = {
			isa = XCBuildConfiguration;
			buildSettings = {
				ALWAYS_SEARCH_USER_PATHS = NO;
				ASSETCATALOG_COMPILER_GENERATE_SWIFT_ASSET_SYMBOL_EXTENSIONS = YES;
				CLANG_ANALYZER_NONNULL = YES;
				CLANG_ANALYZER_NUMBER_OBJECT_CONVERSION = YES_AGGRESSIVE;
				CLANG_CXX_LANGUAGE_STANDARD = "gnu++20";
				CLANG_ENABLE_MODULES = YES;
				CLANG_ENABLE_OBJC_ARC = YES;
				CLANG_ENABLE_OBJC_WEAK = YES;
				CLANG_WARN_BLOCK_CAPTURE_AUTORELEASING = YES;
				CLANG_WARN_BOOL_CONVERSION = YES;
				CLANG_WARN_COMMA = YES;
				CLANG_WARN_CONSTANT_CONVERSION = YES;
				CLANG_WARN_DEPRECATED_OBJC_IMPLEMENTATIONS = YES;
				CLANG_WARN_DIRECT_OBJC_ISA_USAGE = YES_ERROR;
				CLANG_WARN_DOCUMENTATION_COMMENTS = YES;
				CLANG_WARN_EMPTY_BODY = YES;
				CLANG_WARN_ENUM_CONVERSION = YES;
				CLANG_WARN_INFINITE_RECURSION = YES;
				CLANG_WARN_INT_CONVERSION = YES;
				CLANG_WARN_NON_LITERAL_NULL_CONVERSION = YES;
				CLANG_WARN_OBJC_IMPLICIT_RETAIN_SELF = YES;
				CLANG_WARN_OBJC_LITERAL_CONVERSION = YES;
				CLANG_WARN_OBJC_ROOT_CLASS = YES_ERROR;
				CLANG_WARN_QUOTED_INCLUDE_IN_FRAMEWORK_HEADER = YES;
				CLANG_WARN_RANGE_LOOP_ANALYSIS = YES;
				CLANG_WARN_STRICT_PROTOTYPES = YES;
				CLANG_WARN_SUSPICIOUS_MOVE = YES;
				CLANG_WARN_UNGUARDED_AVAILABILITY = YES_AGGRESSIVE;
				CLANG_WARN_UNREACHABLE_CODE = YES;
				CLANG_WARN__DUPLICATE_METHOD_MATCH = YES;
				COPY_PHASE_STRIP = NO;
				DEBUG_INFORMATION_FORMAT = dwarf;
				DEVELOPMENT_TEAM = 777DCZM6EZ;
				ENABLE_STRICT_OBJC_MSGSEND = YES;
				ENABLE_TESTABILITY = YES;
				ENABLE_USER_SCRIPT_SANDBOXING = YES;
				GCC_C_LANGUAGE_STANDARD = gnu17;
				GCC_DYNAMIC_NO_PIC = NO;
				GCC_NO_COMMON_BLOCKS = YES;
				GCC_OPTIMIZATION_LEVEL = 0;
				GCC_PREPROCESSOR_DEFINITIONS = (
					"DEBUG=1",
					"$(inherited)",
				);
				GCC_WARN_64_TO_32_BIT_CONVERSION = YES;
				GCC_WARN_ABOUT_RETURN_TYPE = YES_ERROR;
				GCC_WARN_UNDECLARED_SELECTOR = YES;
				GCC_WARN_UNINITIALIZED_AUTOS = YES_AGGRESSIVE;
				GCC_WARN_UNUSED_FUNCTION = YES;
				GCC_WARN_UNUSED_VARIABLE = YES;
				IPHONEOS_DEPLOYMENT_TARGET = 18.4;
				LOCALIZATION_PREFERS_STRING_CATALOGS = YES;
				MTL_ENABLE_DEBUG_INFO = INCLUDE_SOURCE;
				MTL_FAST_MATH = YES;
				ONLY_ACTIVE_ARCH = YES;
				SDKROOT = iphoneos;
				SWIFT_ACTIVE_COMPILATION_CONDITIONS = "DEBUG $(inherited)";
				SWIFT_OPTIMIZATION_LEVEL = "-Onone";
			};
			name = Debug;
		};
		274041BA2DB6A85B005B95A4 /* Release */ = {
			isa = XCBuildConfiguration;
			buildSettings = {
				ALWAYS_SEARCH_USER_PATHS = NO;
				ASSETCATALOG_COMPILER_GENERATE_SWIFT_ASSET_SYMBOL_EXTENSIONS = YES;
				CLANG_ANALYZER_NONNULL = YES;
				CLANG_ANALYZER_NUMBER_OBJECT_CONVERSION = YES_AGGRESSIVE;
				CLANG_CXX_LANGUAGE_STANDARD = "gnu++20";
				CLANG_ENABLE_MODULES = YES;
				CLANG_ENABLE_OBJC_ARC = YES;
				CLANG_ENABLE_OBJC_WEAK = YES;
				CLANG_WARN_BLOCK_CAPTURE_AUTORELEASING = YES;
				CLANG_WARN_BOOL_CONVERSION = YES;
				CLANG_WARN_COMMA = YES;
				CLANG_WARN_CONSTANT_CONVERSION = YES;
				CLANG_WARN_DEPRECATED_OBJC_IMPLEMENTATIONS = YES;
				CLANG_WARN_DIRECT_OBJC_ISA_USAGE = YES_ERROR;
				CLANG_WARN_DOCUMENTATION_COMMENTS = YES;
				CLANG_WARN_EMPTY_BODY = YES;
				CLANG_WARN_ENUM_CONVERSION = YES;
				CLANG_WARN_INFINITE_RECURSION = YES;
				CLANG_WARN_INT_CONVERSION = YES;
				CLANG_WARN_NON_LITERAL_NULL_CONVERSION = YES;
				CLANG_WARN_OBJC_IMPLICIT_RETAIN_SELF = YES;
				CLANG_WARN_OBJC_LITERAL_CONVERSION = YES;
				CLANG_WARN_OBJC_ROOT_CLASS = YES_ERROR;
				CLANG_WARN_QUOTED_INCLUDE_IN_FRAMEWORK_HEADER = YES;
				CLANG_WARN_RANGE_LOOP_ANALYSIS = YES;
				CLANG_WARN_STRICT_PROTOTYPES = YES;
				CLANG_WARN_SUSPICIOUS_MOVE = YES;
				CLANG_WARN_UNGUARDED_AVAILABILITY = YES_AGGRESSIVE;
				CLANG_WARN_UNREACHABLE_CODE = YES;
				CLANG_WARN__DUPLICATE_METHOD_MATCH = YES;
				COPY_PHASE_STRIP = NO;
				DEBUG_INFORMATION_FORMAT = "dwarf-with-dsym";
				DEVELOPMENT_TEAM = 777DCZM6EZ;
				ENABLE_NS_ASSERTIONS = NO;
				ENABLE_STRICT_OBJC_MSGSEND = YES;
				ENABLE_USER_SCRIPT_SANDBOXING = YES;
				GCC_C_LANGUAGE_STANDARD = gnu17;
				GCC_NO_COMMON_BLOCKS = YES;
				GCC_WARN_64_TO_32_BIT_CONVERSION = YES;
				GCC_WARN_ABOUT_RETURN_TYPE = YES_ERROR;
				GCC_WARN_UNDECLARED_SELECTOR = YES;
				GCC_WARN_UNINITIALIZED_AUTOS = YES_AGGRESSIVE;
				GCC_WARN_UNUSED_FUNCTION = YES;
				GCC_WARN_UNUSED_VARIABLE = YES;
				IPHONEOS_DEPLOYMENT_TARGET = 18.4;
				LOCALIZATION_PREFERS_STRING_CATALOGS = YES;
				MTL_ENABLE_DEBUG_INFO = NO;
				MTL_FAST_MATH = YES;
				SDKROOT = iphoneos;
				SWIFT_COMPILATION_MODE = wholemodule;
				VALIDATE_PRODUCT = YES;
			};
			name = Release;
		};
		274041BC2DB6A85B005B95A4 /* Debug */ = {
			isa = XCBuildConfiguration;
			buildSettings = {
				ASSETCATALOG_COMPILER_APPICON_NAME = AppIcon;
				ASSETCATALOG_COMPILER_GLOBAL_ACCENT_COLOR_NAME = AccentColor;
				CODE_SIGN_STYLE = Automatic;
				CURRENT_PROJECT_VERSION = 1;
				DEVELOPMENT_TEAM = 777DCZM6EZ;
				ENABLE_PREVIEWS = YES;
				GENERATE_INFOPLIST_FILE = YES;
				INFOPLIST_KEY_UIApplicationSceneManifest_Generation = YES;
				INFOPLIST_KEY_UIApplicationSupportsIndirectInputEvents = YES;
				INFOPLIST_KEY_UILaunchScreen_Generation = YES;
				INFOPLIST_KEY_UISupportedInterfaceOrientations_iPad = "UIInterfaceOrientationPortrait UIInterfaceOrientationPortraitUpsideDown UIInterfaceOrientationLandscapeLeft UIInterfaceOrientationLandscapeRight";
				INFOPLIST_KEY_UISupportedInterfaceOrientations_iPhone = "UIInterfaceOrientationPortrait UIInterfaceOrientationLandscapeLeft UIInterfaceOrientationLandscapeRight";
				LD_RUNPATH_SEARCH_PATHS = (
					"$(inherited)",
					"@executable_path/Frameworks",
				);
				MARKETING_VERSION = 1.0;
				PRODUCT_BUNDLE_IDENTIFIER = com.MindCraft;
				PRODUCT_NAME = "$(TARGET_NAME)";
				SWIFT_EMIT_LOC_STRINGS = YES;
				SWIFT_VERSION = 5.0;
				TARGETED_DEVICE_FAMILY = "1,2";
			};
			name = Debug;
		};
		274041BD2DB6A85B005B95A4 /* Release */ = {
			isa = XCBuildConfiguration;
			buildSettings = {
				ASSETCATALOG_COMPILER_APPICON_NAME = AppIcon;
				ASSETCATALOG_COMPILER_GLOBAL_ACCENT_COLOR_NAME = AccentColor;
				CODE_SIGN_STYLE = Automatic;
				CURRENT_PROJECT_VERSION = 1;
				DEVELOPMENT_TEAM = 777DCZM6EZ;
				ENABLE_PREVIEWS = YES;
				GENERATE_INFOPLIST_FILE = YES;
				INFOPLIST_KEY_UIApplicationSceneManifest_Generation = YES;
				INFOPLIST_KEY_UIApplicationSupportsIndirectInputEvents = YES;
				INFOPLIST_KEY_UILaunchScreen_Generation = YES;
				INFOPLIST_KEY_UISupportedInterfaceOrientations_iPad = "UIInterfaceOrientationPortrait UIInterfaceOrientationPortraitUpsideDown UIInterfaceOrientationLandscapeLeft UIInterfaceOrientationLandscapeRight";
				INFOPLIST_KEY_UISupportedInterfaceOrientations_iPhone = "UIInterfaceOrientationPortrait UIInterfaceOrientationLandscapeLeft UIInterfaceOrientationLandscapeRight";
				LD_RUNPATH_SEARCH_PATHS = (
					"$(inherited)",
					"@executable_path/Frameworks",
				);
				MARKETING_VERSION = 1.0;
				PRODUCT_BUNDLE_IDENTIFIER = com.MindCraft;
				PRODUCT_NAME = "$(TARGET_NAME)";
				SWIFT_EMIT_LOC_STRINGS = YES;
				SWIFT_VERSION = 5.0;
				TARGETED_DEVICE_FAMILY = "1,2";
			};
			name = Release;
		};
		274041BF2DB6A85B005B95A4 /* Debug */ = {
			isa = XCBuildConfiguration;
			buildSettings = {
				BUNDLE_LOADER = "$(TEST_HOST)";
				CODE_SIGN_STYLE = Automatic;
				CURRENT_PROJECT_VERSION = 1;
				DEVELOPMENT_TEAM = 777DCZM6EZ;
				GENERATE_INFOPLIST_FILE = YES;
				IPHONEOS_DEPLOYMENT_TARGET = 18.4;
				MARKETING_VERSION = 1.0;
				PRODUCT_BUNDLE_IDENTIFIER = com.MindCraftTests;
				PRODUCT_NAME = "$(TARGET_NAME)";
				SWIFT_EMIT_LOC_STRINGS = NO;
				SWIFT_VERSION = 5.0;
				TARGETED_DEVICE_FAMILY = "1,2";
				TEST_HOST = "$(BUILT_PRODUCTS_DIR)/MindCraft.app/$(BUNDLE_EXECUTABLE_FOLDER_PATH)/MindCraft";
			};
			name = Debug;
		};
		274041C02DB6A85B005B95A4 /* Release */ = {
			isa = XCBuildConfiguration;
			buildSettings = {
				BUNDLE_LOADER = "$(TEST_HOST)";
				CODE_SIGN_STYLE = Automatic;
				CURRENT_PROJECT_VERSION = 1;
				DEVELOPMENT_TEAM = 777DCZM6EZ;
				GENERATE_INFOPLIST_FILE = YES;
				IPHONEOS_DEPLOYMENT_TARGET = 18.4;
				MARKETING_VERSION = 1.0;
				PRODUCT_BUNDLE_IDENTIFIER = com.MindCraftTests;
				PRODUCT_NAME = "$(TARGET_NAME)";
				SWIFT_EMIT_LOC_STRINGS = NO;
				SWIFT_VERSION = 5.0;
				TARGETED_DEVICE_FAMILY = "1,2";
				TEST_HOST = "$(BUILT_PRODUCTS_DIR)/MindCraft.app/$(BUNDLE_EXECUTABLE_FOLDER_PATH)/MindCraft";
			};
			name = Release;
		};
		274041C22DB6A85B005B95A4 /* Debug */ = {
			isa = XCBuildConfiguration;
			buildSettings = {
				CODE_SIGN_STYLE = Automatic;
				CURRENT_PROJECT_VERSION = 1;
				DEVELOPMENT_TEAM = 777DCZM6EZ;
				GENERATE_INFOPLIST_FILE = YES;
				MARKETING_VERSION = 1.0;
				PRODUCT_BUNDLE_IDENTIFIER = com.MindCraftUITests;
				PRODUCT_NAME = "$(TARGET_NAME)";
				SWIFT_EMIT_LOC_STRINGS = NO;
				SWIFT_VERSION = 5.0;
				TARGETED_DEVICE_FAMILY = "1,2";
				TEST_TARGET_NAME = MindCraft;
			};
			name = Debug;
		};
		274041C32DB6A85B005B95A4 /* Release */ = {
			isa = XCBuildConfiguration;
			buildSettings = {
				CODE_SIGN_STYLE = Automatic;
				CURRENT_PROJECT_VERSION = 1;
				DEVELOPMENT_TEAM = 777DCZM6EZ;
				GENERATE_INFOPLIST_FILE = YES;
				MARKETING_VERSION = 1.0;
				PRODUCT_BUNDLE_IDENTIFIER = com.MindCraftUITests;
				PRODUCT_NAME = "$(TARGET_NAME)";
				SWIFT_EMIT_LOC_STRINGS = NO;
				SWIFT_VERSION = 5.0;
				TARGETED_DEVICE_FAMILY = "1,2";
				TEST_TARGET_NAME = MindCraft;
			};
			name = Release;
		};
/* End XCBuildConfiguration section */

/* Begin XCConfigurationList section */
		274041902DB6A858005B95A4 /* Build configuration list for PBXProject "MindCraft" */ = {
			isa = XCConfigurationList;
			buildConfigurations = (
				274041B92DB6A85B005B95A4 /* Debug */,
				274041BA2DB6A85B005B95A4 /* Release */,
			);
			defaultConfigurationIsVisible = 0;
			defaultConfigurationName = Release;
		};
		274041BB2DB6A85B005B95A4 /* Build configuration list for PBXNativeTarget "MindCraft" */ = {
			isa = XCConfigurationList;
			buildConfigurations = (
				274041BC2DB6A85B005B95A4 /* Debug */,
				274041BD2DB6A85B005B95A4 /* Release */,
			);
			defaultConfigurationIsVisible = 0;
			defaultConfigurationName = Release;
		};
		274041BE2DB6A85B005B95A4 /* Build configuration list for PBXNativeTarget "MindCraftTests" */ = {
			isa = XCConfigurationList;
			buildConfigurations = (
				274041BF2DB6A85B005B95A4 /* Debug */,
				274041C02DB6A85B005B95A4 /* Release */,
			);
			defaultConfigurationIsVisible = 0;
			defaultConfigurationName = Release;
		};
		274041C12DB6A85B005B95A4 /* Build configuration list for PBXNativeTarget "MindCraftUITests" */ = {
			isa = XCConfigurationList;
			buildConfigurations = (
				274041C22DB6A85B005B95A4 /* Debug */,
				274041C32DB6A85B005B95A4 /* Release */,
			);
			defaultConfigurationIsVisible = 0;
			defaultConfigurationName = Release;
		};
/* End XCConfigurationList section */
	};
	rootObject = 2740418D2DB6A858005B95A4 /* Project object */;
}
